
Microsoft Visual Studio Solution File, Format Version 12.00
# Visual Studio 15
VisualStudioVersion = 15.0.28010.2026
MinimumVisualStudioVersion = 10.0.40219.1
Project("{FAE04EC0-301F-11D3-BF4B-00C04F79EFBC}") = "ASM1", "ASM1\ASM1.csproj", "{02671AA9-585A-445D-BFB4-5D584A8E5083}"
EndProject
Project("{FAE04EC0-301F-11D3-BF4B-00C04F79EFBC}") = "ASM2", "ASM2\ASM2.csproj", "{610E9830-647D-4A9C-8269-F3FB9FCC3393}"
EndProject
Project("{FAE04EC0-301F-11D3-BF4B-00C04F79EFBC}") = "ASM3", "ASM3\ASM3.csproj", "{6A47CC5D-66E2-4C9F-8E1A-CBA97BCA1515}"
EndProject
Project("{FAE04EC0-301F-11D3-BF4B-00C04F79EFBC}") = "ASM4", "ASM4\ASM4.csproj", "{ED3C2852-CBCF-420D-B294-2A7BA553019F}"
EndProject
Global
	GlobalSection(SolutionConfigurationPlatforms) = preSolution
		Debug|Any CPU = Debug|Any CPU
		Release|Any CPU = Release|Any CPU
	EndGlobalSection
	GlobalSection(ProjectConfigurationPlatforms) = postSolution
		{02671AA9-585A-445D-BFB4-5D584A8E5083}.Debug|Any CPU.ActiveCfg = Debug|Any CPU
		{02671AA9-585A-445D-BFB4-5D584A8E5083}.Debug|Any CPU.Build.0 = Debug|Any CPU
		{02671AA9-585A-445D-BFB4-5D584A8E5083}.Release|Any CPU.ActiveCfg = Release|Any CPU
		{02671AA9-585A-445D-BFB4-5D584A8E5083}.Release|Any CPU.Build.0 = Release|Any CPU
		{610E9830-647D-4A9C-8269-F3FB9FCC3393}.Debug|Any CPU.ActiveCfg = Debug|Any CPU
		{610E9830-647D-4A9C-8269-F3FB9FCC3393}.Debug|Any CPU.Build.0 = Debug|Any CPU
		{610E9830-647D-4A9C-8269-F3FB9FCC3393}.Release|Any CPU.ActiveCfg = Release|Any CPU
		{610E9830-647D-4A9C-8269-F3FB9FCC3393}.Release|Any CPU.Build.0 = Release|Any CPU
		{6A47CC5D-66E2-4C9F-8E1A-CBA97BCA1515}.Debug|Any CPU.ActiveCfg = Debug|Any CPU
		{6A47CC5D-66E2-4C9F-8E1A-CBA97BCA1515}.Debug|Any CPU.Build.0 = Debug|Any CPU
		{6A47CC5D-66E2-4C9F-8E1A-CBA97BCA1515}.Release|Any CPU.ActiveCfg = Release|Any CPU
		{6A47CC5D-66E2-4C9F-8E1A-CBA97BCA1515}.Release|Any CPU.Build.0 = Release|Any CPU
		{ED3C2852-CBCF-420D-B294-2A7BA553019F}.Debug|Any CPU.ActiveCfg = Debug|Any CPU
		{ED3C2852-CBCF-420D-B294-2A7BA553019F}.Debug|Any CPU.Build.0 = Debug|Any CPU
		{ED3C2852-CBCF-420D-B294-2A7BA553019F}.Release|Any CPU.ActiveCfg = Release|Any CPU
		{ED3C2852-CBCF-420D-B294-2A7BA553019F}.Release|Any CPU.Build.0 = Release|Any CPU
	EndGlobalSection
	GlobalSection(SolutionProperties) = preSolution
		HideSolutionNode = FALSE
	EndGlobalSection
	GlobalSection(ExtensibilityGlobals) = postSolution
		SolutionGuid = {0061E8CF-1408-44AD-B733-B52C4F7C1D83}
	EndGlobalSection
EndGlobal
