
Microsoft Visual Studio Solution File, Format Version 12.00
# Visual Studio 15
VisualStudioVersion = 15.0.28010.2026
MinimumVisualStudioVersion = 10.0.40219.1
Project("{FAE04EC0-301F-11D3-BF4B-00C04F79EFBC}") = "BookStore", "BookStore\BookStore.csproj", "{EA1A3891-A080-4B1F-8CA8-54F9FCCB17B0}"
EndProject
Project("{FAE04EC0-301F-11D3-BF4B-00C04F79EFBC}") = "ProductStore", "ProductStore\ProductStore.csproj", "{F7ACA7EA-BB80-4DE3-96F4-5D90609B4E0C}"
EndProject
Global
	GlobalSection(SolutionConfigurationPlatforms) = preSolution
		Debug|Any CPU = Debug|Any CPU
		Release|Any CPU = Release|Any CPU
	EndGlobalSection
	GlobalSection(ProjectConfigurationPlatforms) = postSolution
		{EA1A3891-A080-4B1F-8CA8-54F9FCCB17B0}.Debug|Any CPU.ActiveCfg = Debug|Any CPU
		{EA1A3891-A080-4B1F-8CA8-54F9FCCB17B0}.Debug|Any CPU.Build.0 = Debug|Any CPU
		{EA1A3891-A080-4B1F-8CA8-54F9FCCB17B0}.Release|Any CPU.ActiveCfg = Release|Any CPU
		{EA1A3891-A080-4B1F-8CA8-54F9FCCB17B0}.Release|Any CPU.Build.0 = Release|Any CPU
		{F7ACA7EA-BB80-4DE3-96F4-5D90609B4E0C}.Debug|Any CPU.ActiveCfg = Debug|Any CPU
		{F7ACA7EA-BB80-4DE3-96F4-5D90609B4E0C}.Debug|Any CPU.Build.0 = Debug|Any CPU
		{F7ACA7EA-BB80-4DE3-96F4-5D90609B4E0C}.Release|Any CPU.ActiveCfg = Release|Any CPU
		{F7ACA7EA-BB80-4DE3-96F4-5D90609B4E0C}.Release|Any CPU.Build.0 = Release|Any CPU
	EndGlobalSection
	GlobalSection(SolutionProperties) = preSolution
		HideSolutionNode = FALSE
	EndGlobalSection
	GlobalSection(ExtensibilityGlobals) = postSolution
		SolutionGuid = {7CA587E1-D0C8-4998-A965-F6DBCCA23143}
	EndGlobalSection
EndGlobal
